// !$*UTF8*$!
{
	archiveVersion = 1;
	classes = {
	};
	objectVersion = 50;
	objects = {

/* Begin PBXBuildFile section */
		1401F6CE222650F8008A4B06 /* topic50.c in Sources */ = {isa = PBXBuildFile; fileRef = 1401F6CD222650F8008A4B06 /* topic50.c */; };
		14079CE821F2E9E400606D55 /* topic27.c in Sources */ = {isa = PBXBuildFile; fileRef = 14079CE721F2E9E400606D55 /* topic27.c */; };
		140F7B292200964D00564041 /* MGraph.c in Sources */ = {isa = PBXBuildFile; fileRef = 140F7B282200964D00564041 /* MGraph.c */; };
		140F7B2C2201507000564041 /* LGraph.c in Sources */ = {isa = PBXBuildFile; fileRef = 140F7B2B2201507000564041 /* LGraph.c */; };
		141660D52229270E004C597C /* topic52.c in Sources */ = {isa = PBXBuildFile; fileRef = 141660D42229270E004C597C /* topic52.c */; };
		141B8F7021F49CEA00140C20 /* topic28.c in Sources */ = {isa = PBXBuildFile; fileRef = 141B8F6F21F49CEA00140C20 /* topic28.c */; };
		1426C4B721E38CBE00D7E46A /* LinkList.c in Sources */ = {isa = PBXBuildFile; fileRef = 1426C4B621E38CBE00D7E46A /* LinkList.c */; };
		14411028219FF0CD006F7921 /* mergeSort.c in Sources */ = {isa = PBXBuildFile; fileRef = 14411027219FF0CD006F7921 /* mergeSort.c */; };
		1441CA4C21D3983E009EBBEA /* binarySearch.c in Sources */ = {isa = PBXBuildFile; fileRef = 1441CA4B21D3983E009EBBEA /* binarySearch.c */; };
		1441CA5021D4B148009EBBEA /* binaryTree.c in Sources */ = {isa = PBXBuildFile; fileRef = 1441CA4F21D4B148009EBBEA /* binaryTree.c */; };
		1441CA5421D4D161009EBBEA /* queue.c in Sources */ = {isa = PBXBuildFile; fileRef = 1441CA5321D4D161009EBBEA /* queue.c */; };
		14459BBC21ED7B3500C87AD5 /* topic65.c in Sources */ = {isa = PBXBuildFile; fileRef = 14459BBB21ED7B3500C87AD5 /* topic65.c */; };
		14459BBF21ED879900C87AD5 /* topic18.c in Sources */ = {isa = PBXBuildFile; fileRef = 14459BBE21ED879900C87AD5 /* topic18.c */; };
		14459BC221EDAAC800C87AD5 /* topic15.c in Sources */ = {isa = PBXBuildFile; fileRef = 14459BC121EDAAC800C87AD5 /* topic15.c */; };
		14459BC521EDC95200C87AD5 /* topic16.c in Sources */ = {isa = PBXBuildFile; fileRef = 14459BC421EDC95200C87AD5 /* topic16.c */; };
		14459BC821EE09B900C87AD5 /* topic14.c in Sources */ = {isa = PBXBuildFile; fileRef = 14459BC721EE09B900C87AD5 /* topic14.c */; };
		1469A19721E6F2B000B2AC02 /* topic5.c in Sources */ = {isa = PBXBuildFile; fileRef = 1469A19621E6F2B000B2AC02 /* topic5.c */; };
		1469A19A21E6F40F00B2AC02 /* topic6.c in Sources */ = {isa = PBXBuildFile; fileRef = 1469A19921E6F40F00B2AC02 /* topic6.c */; };
		1469A19D21E71B7000B2AC02 /* topic24.c in Sources */ = {isa = PBXBuildFile; fileRef = 1469A19C21E71B7000B2AC02 /* topic24.c */; };
		1469A1A021E7255E00B2AC02 /* topic3.c in Sources */ = {isa = PBXBuildFile; fileRef = 1469A19F21E7255E00B2AC02 /* topic3.c */; };
		1469A1A321E7310B00B2AC02 /* topic4.c in Sources */ = {isa = PBXBuildFile; fileRef = 1469A1A221E7310B00B2AC02 /* topic4.c */; };
		1469A1A621E769BC00B2AC02 /* topic10.c in Sources */ = {isa = PBXBuildFile; fileRef = 1469A1A521E769BC00B2AC02 /* topic10.c */; };
		1469A1A921E7821600B2AC02 /* topic25.c in Sources */ = {isa = PBXBuildFile; fileRef = 1469A1A821E7821600B2AC02 /* topic25.c */; };
		14787521212EA9630050C383 /* quickSort.c in Sources */ = {isa = PBXBuildFile; fileRef = 14787520212EA9630050C383 /* quickSort.c */; };
		147B4BBE223C9237007BA041 /* topic26.c in Sources */ = {isa = PBXBuildFile; fileRef = 147B4BBD223C9237007BA041 /* topic26.c */; };
		148FC71E222D52B70047931F /* Interview.c in Sources */ = {isa = PBXBuildFile; fileRef = 148FC71D222D52B70047931F /* Interview.c */; };
		1495C07D2236872800056B5C /* topic63.c in Sources */ = {isa = PBXBuildFile; fileRef = 1495C07C2236872800056B5C /* topic63.c */; };
		149739CE2226A81200037EBC /* TestObject.m in Sources */ = {isa = PBXBuildFile; fileRef = 149739CD2226A81200037EBC /* TestObject.m */; };
		149739D12226B28200037EBC /* topic58.c in Sources */ = {isa = PBXBuildFile; fileRef = 149739D02226B28200037EBC /* topic58.c */; };
		149D7B4F222E170F00C3D48C /* stack.c in Sources */ = {isa = PBXBuildFile; fileRef = 149D7B4E222E170F00C3D48C /* stack.c */; };
		14BF49F3223BA80A00CB8A81 /* topic9.c in Sources */ = {isa = PBXBuildFile; fileRef = 14BF49F2223BA80A00CB8A81 /* topic9.c */; };
		14CF936E21228A6E00069493 /* main.c in Sources */ = {isa = PBXBuildFile; fileRef = 14CF936D21228A6E00069493 /* main.c */; };
		14CF937621228EC300069493 /* bubbleSort.c in Sources */ = {isa = PBXBuildFile; fileRef = 14CF937521228EC300069493 /* bubbleSort.c */; };
		14D0271F212FACC2004F0EA0 /* shellSort.c in Sources */ = {isa = PBXBuildFile; fileRef = 14D0271E212FACC2004F0EA0 /* shellSort.c */; };
		14DD96C12243CF2A0080FF18 /* code62.c in Sources */ = {isa = PBXBuildFile; fileRef = 14DD96C02243CF2A0080FF18 /* code62.c */; };
		14E3A7EE2201AB6000167974 /* graph.c in Sources */ = {isa = PBXBuildFile; fileRef = 14E3A7ED2201AB6000167974 /* graph.c */; };
		14E580D0221C316800385365 /* topic22.c in Sources */ = {isa = PBXBuildFile; fileRef = 14E580CF221C316800385365 /* topic22.c */; };
		14EAF0D4221C371600920738 /* topic23.c in Sources */ = {isa = PBXBuildFile; fileRef = 14EAF0D3221C371600920738 /* topic23.c */; };
		14EC8E82212914CA007CDF9A /* insertionSort.c in Sources */ = {isa = PBXBuildFile; fileRef = 14EC8E81212914CA007CDF9A /* insertionSort.c */; };
		14F58DEE212808970032629B /* swap.c in Sources */ = {isa = PBXBuildFile; fileRef = 14F58DED212808970032629B /* swap.c */; };
		14F58DF121280D360032629B /* selectionSort.c in Sources */ = {isa = PBXBuildFile; fileRef = 14F58DF021280D360032629B /* selectionSort.c */; };
/* End PBXBuildFile section */

/* Begin PBXCopyFilesBuildPhase section */
		14CF936821228A6E00069493 /* CopyFiles */ = {
			isa = PBXCopyFilesBuildPhase;
			buildActionMask = 2147483647;
			dstPath = /usr/share/man/man1/;
			dstSubfolderSpec = 0;
			files = (
			);
			runOnlyForDeploymentPostprocessing = 1;
		};
/* End PBXCopyFilesBuildPhase section */

/* Begin PBXFileReference section */
		1401F6CC222650F8008A4B06 /* topic50.h */ = {isa = PBXFileReference; lastKnownFileType = sourcecode.c.h; path = topic50.h; sourceTree = "<group>"; };
		1401F6CD222650F8008A4B06 /* topic50.c */ = {isa = PBXFileReference; lastKnownFileType = sourcecode.c.c; path = topic50.c; sourceTree = "<group>"; };
		14079CE621F2E9E400606D55 /* topic27.h */ = {isa = PBXFileReference; lastKnownFileType = sourcecode.c.h; path = topic27.h; sourceTree = "<group>"; };
		14079CE721F2E9E400606D55 /* topic27.c */ = {isa = PBXFileReference; lastKnownFileType = sourcecode.c.c; path = topic27.c; sourceTree = "<group>"; };
		140F7B272200964D00564041 /* MGraph.h */ = {isa = PBXFileReference; lastKnownFileType = sourcecode.c.h; path = MGraph.h; sourceTree = "<group>"; };
		140F7B282200964D00564041 /* MGraph.c */ = {isa = PBXFileReference; lastKnownFileType = sourcecode.c.c; path = MGraph.c; sourceTree = "<group>"; };
		140F7B2A2201507000564041 /* LGraph.h */ = {isa = PBXFileReference; lastKnownFileType = sourcecode.c.h; path = LGraph.h; sourceTree = "<group>"; };
		140F7B2B2201507000564041 /* LGraph.c */ = {isa = PBXFileReference; lastKnownFileType = sourcecode.c.c; path = LGraph.c; sourceTree = "<group>"; };
		141660D32229270E004C597C /* topic52.h */ = {isa = PBXFileReference; lastKnownFileType = sourcecode.c.h; path = topic52.h; sourceTree = "<group>"; };
		141660D42229270E004C597C /* topic52.c */ = {isa = PBXFileReference; lastKnownFileType = sourcecode.c.c; path = topic52.c; sourceTree = "<group>"; };
		141B8F6E21F49CEA00140C20 /* topic28.h */ = {isa = PBXFileReference; lastKnownFileType = sourcecode.c.h; path = topic28.h; sourceTree = "<group>"; };
		141B8F6F21F49CEA00140C20 /* topic28.c */ = {isa = PBXFileReference; lastKnownFileType = sourcecode.c.c; path = topic28.c; sourceTree = "<group>"; };
		1426C4B521E38CBE00D7E46A /* LinkList.h */ = {isa = PBXFileReference; lastKnownFileType = sourcecode.c.h; path = LinkList.h; sourceTree = "<group>"; };
		1426C4B621E38CBE00D7E46A /* LinkList.c */ = {isa = PBXFileReference; lastKnownFileType = sourcecode.c.c; path = LinkList.c; sourceTree = "<group>"; };
		14411026219FF0CD006F7921 /* mergeSort.h */ = {isa = PBXFileReference; lastKnownFileType = sourcecode.c.h; path = mergeSort.h; sourceTree = "<group>"; };
		14411027219FF0CD006F7921 /* mergeSort.c */ = {isa = PBXFileReference; lastKnownFileType = sourcecode.c.c; path = mergeSort.c; sourceTree = "<group>"; };
		1441CA4A21D3983E009EBBEA /* binarySearch.h */ = {isa = PBXFileReference; lastKnownFileType = sourcecode.c.h; path = binarySearch.h; sourceTree = "<group>"; };
		1441CA4B21D3983E009EBBEA /* binarySearch.c */ = {isa = PBXFileReference; lastKnownFileType = sourcecode.c.c; path = binarySearch.c; sourceTree = "<group>"; };
		1441CA4E21D4B148009EBBEA /* binaryTree.h */ = {isa = PBXFileReference; lastKnownFileType = sourcecode.c.h; path = binaryTree.h; sourceTree = "<group>"; };
		1441CA4F21D4B148009EBBEA /* binaryTree.c */ = {isa = PBXFileReference; lastKnownFileType = sourcecode.c.c; path = binaryTree.c; sourceTree = "<group>"; };
		1441CA5221D4D161009EBBEA /* queue.h */ = {isa = PBXFileReference; lastKnownFileType = sourcecode.c.h; path = queue.h; sourceTree = "<group>"; };
		1441CA5321D4D161009EBBEA /* queue.c */ = {isa = PBXFileReference; lastKnownFileType = sourcecode.c.c; path = queue.c; sourceTree = "<group>"; };
		14459BBA21ED7B3500C87AD5 /* topic65.h */ = {isa = PBXFileReference; lastKnownFileType = sourcecode.c.h; path = topic65.h; sourceTree = "<group>"; };
		14459BBB21ED7B3500C87AD5 /* topic65.c */ = {isa = PBXFileReference; lastKnownFileType = sourcecode.c.c; path = topic65.c; sourceTree = "<group>"; };
		14459BBD21ED879900C87AD5 /* topic18.h */ = {isa = PBXFileReference; lastKnownFileType = sourcecode.c.h; path = topic18.h; sourceTree = "<group>"; };
		14459BBE21ED879900C87AD5 /* topic18.c */ = {isa = PBXFileReference; lastKnownFileType = sourcecode.c.c; path = topic18.c; sourceTree = "<group>"; };
		14459BC021EDAAC800C87AD5 /* topic15.h */ = {isa = PBXFileReference; lastKnownFileType = sourcecode.c.h; path = topic15.h; sourceTree = "<group>"; };
		14459BC121EDAAC800C87AD5 /* topic15.c */ = {isa = PBXFileReference; lastKnownFileType = sourcecode.c.c; path = topic15.c; sourceTree = "<group>"; };
		14459BC321EDC95200C87AD5 /* topic16.h */ = {isa = PBXFileReference; lastKnownFileType = sourcecode.c.h; path = topic16.h; sourceTree = "<group>"; };
		14459BC421EDC95200C87AD5 /* topic16.c */ = {isa = PBXFileReference; lastKnownFileType = sourcecode.c.c; path = topic16.c; sourceTree = "<group>"; };
		14459BC621EE09B900C87AD5 /* topic14.h */ = {isa = PBXFileReference; lastKnownFileType = sourcecode.c.h; path = topic14.h; sourceTree = "<group>"; };
		14459BC721EE09B900C87AD5 /* topic14.c */ = {isa = PBXFileReference; lastKnownFileType = sourcecode.c.c; path = topic14.c; sourceTree = "<group>"; };
		1469A19421E6F22C00B2AC02 /* toOffer.h */ = {isa = PBXFileReference; lastKnownFileType = sourcecode.c.h; path = toOffer.h; sourceTree = "<group>"; };
		1469A19521E6F2B000B2AC02 /* topic5.h */ = {isa = PBXFileReference; lastKnownFileType = sourcecode.c.h; path = topic5.h; sourceTree = "<group>"; };
		1469A19621E6F2B000B2AC02 /* topic5.c */ = {isa = PBXFileReference; lastKnownFileType = sourcecode.c.c; path = topic5.c; sourceTree = "<group>"; };
		1469A19821E6F40F00B2AC02 /* topic6.h */ = {isa = PBXFileReference; lastKnownFileType = sourcecode.c.h; path = topic6.h; sourceTree = "<group>"; };
		1469A19921E6F40F00B2AC02 /* topic6.c */ = {isa = PBXFileReference; lastKnownFileType = sourcecode.c.c; path = topic6.c; sourceTree = "<group>"; };
		1469A19B21E71B7000B2AC02 /* topic24.h */ = {isa = PBXFileReference; lastKnownFileType = sourcecode.c.h; path = topic24.h; sourceTree = "<group>"; };
		1469A19C21E71B7000B2AC02 /* topic24.c */ = {isa = PBXFileReference; lastKnownFileType = sourcecode.c.c; path = topic24.c; sourceTree = "<group>"; };
		1469A19E21E7255E00B2AC02 /* topic3.h */ = {isa = PBXFileReference; lastKnownFileType = sourcecode.c.h; path = topic3.h; sourceTree = "<group>"; };
		1469A19F21E7255E00B2AC02 /* topic3.c */ = {isa = PBXFileReference; lastKnownFileType = sourcecode.c.c; path = topic3.c; sourceTree = "<group>"; };
		1469A1A121E7310B00B2AC02 /* topic4.h */ = {isa = PBXFileReference; lastKnownFileType = sourcecode.c.h; path = topic4.h; sourceTree = "<group>"; };
		1469A1A221E7310B00B2AC02 /* topic4.c */ = {isa = PBXFileReference; lastKnownFileType = sourcecode.c.c; path = topic4.c; sourceTree = "<group>"; };
		1469A1A421E769BC00B2AC02 /* topic10.h */ = {isa = PBXFileReference; lastKnownFileType = sourcecode.c.h; path = topic10.h; sourceTree = "<group>"; };
		1469A1A521E769BC00B2AC02 /* topic10.c */ = {isa = PBXFileReference; lastKnownFileType = sourcecode.c.c; path = topic10.c; sourceTree = "<group>"; };
		1469A1A721E7821600B2AC02 /* topic25.h */ = {isa = PBXFileReference; lastKnownFileType = sourcecode.c.h; path = topic25.h; sourceTree = "<group>"; };
		1469A1A821E7821600B2AC02 /* topic25.c */ = {isa = PBXFileReference; lastKnownFileType = sourcecode.c.c; path = topic25.c; sourceTree = "<group>"; };
		1478751F212EA9630050C383 /* quickSort.h */ = {isa = PBXFileReference; fileEncoding = 4; lastKnownFileType = sourcecode.c.h; path = quickSort.h; sourceTree = "<group>"; };
		14787520212EA9630050C383 /* quickSort.c */ = {isa = PBXFileReference; fileEncoding = 4; lastKnownFileType = sourcecode.c.c; path = quickSort.c; sourceTree = "<group>"; };
		147B4BBC223C9237007BA041 /* topic26.h */ = {isa = PBXFileReference; lastKnownFileType = sourcecode.c.h; path = topic26.h; sourceTree = "<group>"; };
		147B4BBD223C9237007BA041 /* topic26.c */ = {isa = PBXFileReference; lastKnownFileType = sourcecode.c.c; path = topic26.c; sourceTree = "<group>"; };
		148FC71C222D52B70047931F /* Interview.h */ = {isa = PBXFileReference; lastKnownFileType = sourcecode.c.h; path = Interview.h; sourceTree = "<group>"; };
		148FC71D222D52B70047931F /* Interview.c */ = {isa = PBXFileReference; lastKnownFileType = sourcecode.c.c; path = Interview.c; sourceTree = "<group>"; };
		1495C07B2236872800056B5C /* topic63.h */ = {isa = PBXFileReference; lastKnownFileType = sourcecode.c.h; path = topic63.h; sourceTree = "<group>"; };
		1495C07C2236872800056B5C /* topic63.c */ = {isa = PBXFileReference; lastKnownFileType = sourcecode.c.c; path = topic63.c; sourceTree = "<group>"; };
		149739CC2226A81200037EBC /* TestObject.h */ = {isa = PBXFileReference; lastKnownFileType = sourcecode.c.h; path = TestObject.h; sourceTree = "<group>"; };
		149739CD2226A81200037EBC /* TestObject.m */ = {isa = PBXFileReference; lastKnownFileType = sourcecode.c.objc; path = TestObject.m; sourceTree = "<group>"; };
		149739CF2226B28200037EBC /* topic58.h */ = {isa = PBXFileReference; lastKnownFileType = sourcecode.c.h; path = topic58.h; sourceTree = "<group>"; };
		149739D02226B28200037EBC /* topic58.c */ = {isa = PBXFileReference; lastKnownFileType = sourcecode.c.c; path = topic58.c; sourceTree = "<group>"; };
		149D7B4D222E170F00C3D48C /* stack.h */ = {isa = PBXFileReference; lastKnownFileType = sourcecode.c.h; path = stack.h; sourceTree = "<group>"; };
		149D7B4E222E170F00C3D48C /* stack.c */ = {isa = PBXFileReference; lastKnownFileType = sourcecode.c.c; path = stack.c; sourceTree = "<group>"; };
		14BF49F1223BA80A00CB8A81 /* topic9.h */ = {isa = PBXFileReference; lastKnownFileType = sourcecode.c.h; path = topic9.h; sourceTree = "<group>"; };
		14BF49F2223BA80A00CB8A81 /* topic9.c */ = {isa = PBXFileReference; lastKnownFileType = sourcecode.c.c; path = topic9.c; sourceTree = "<group>"; };
		14CF936A21228A6E00069493 /* AlgorithmPractice */ = {isa = PBXFileReference; explicitFileType = "compiled.mach-o.executable"; includeInIndex = 0; path = AlgorithmPractice; sourceTree = BUILT_PRODUCTS_DIR; };
		14CF936D21228A6E00069493 /* main.c */ = {isa = PBXFileReference; lastKnownFileType = sourcecode.c.c; path = main.c; sourceTree = "<group>"; };
		14CF937421228EC300069493 /* bubbleSort.h */ = {isa = PBXFileReference; lastKnownFileType = sourcecode.c.h; path = bubbleSort.h; sourceTree = "<group>"; };
		14CF937521228EC300069493 /* bubbleSort.c */ = {isa = PBXFileReference; lastKnownFileType = sourcecode.c.c; path = bubbleSort.c; sourceTree = "<group>"; };
		14D0271D212FACC2004F0EA0 /* shellSort.h */ = {isa = PBXFileReference; lastKnownFileType = sourcecode.c.h; path = shellSort.h; sourceTree = "<group>"; };
		14D0271E212FACC2004F0EA0 /* shellSort.c */ = {isa = PBXFileReference; lastKnownFileType = sourcecode.c.c; path = shellSort.c; sourceTree = "<group>"; };
		14DD96BE2243CF0A0080FF18 /* leetCode.h */ = {isa = PBXFileReference; lastKnownFileType = sourcecode.c.h; path = leetCode.h; sourceTree = "<group>"; };
		14DD96BF2243CF2A0080FF18 /* code62.h */ = {isa = PBXFileReference; lastKnownFileType = sourcecode.c.h; path = code62.h; sourceTree = "<group>"; };
		14DD96C02243CF2A0080FF18 /* code62.c */ = {isa = PBXFileReference; lastKnownFileType = sourcecode.c.c; path = code62.c; sourceTree = "<group>"; };
		14E3A7EC2201AB6000167974 /* graph.h */ = {isa = PBXFileReference; lastKnownFileType = sourcecode.c.h; path = graph.h; sourceTree = "<group>"; };
		14E3A7ED2201AB6000167974 /* graph.c */ = {isa = PBXFileReference; lastKnownFileType = sourcecode.c.c; path = graph.c; sourceTree = "<group>"; };
		14E580CE221C316800385365 /* topic22.h */ = {isa = PBXFileReference; lastKnownFileType = sourcecode.c.h; path = topic22.h; sourceTree = "<group>"; };
		14E580CF221C316800385365 /* topic22.c */ = {isa = PBXFileReference; lastKnownFileType = sourcecode.c.c; path = topic22.c; sourceTree = "<group>"; };
		14EAF0D2221C371600920738 /* topic23.h */ = {isa = PBXFileReference; lastKnownFileType = sourcecode.c.h; path = topic23.h; sourceTree = "<group>"; };
		14EAF0D3221C371600920738 /* topic23.c */ = {isa = PBXFileReference; lastKnownFileType = sourcecode.c.c; path = topic23.c; sourceTree = "<group>"; };
		14EC8E80212914CA007CDF9A /* insertionSort.h */ = {isa = PBXFileReference; lastKnownFileType = sourcecode.c.h; path = insertionSort.h; sourceTree = "<group>"; };
		14EC8E81212914CA007CDF9A /* insertionSort.c */ = {isa = PBXFileReference; lastKnownFileType = sourcecode.c.c; path = insertionSort.c; sourceTree = "<group>"; };
		14F58DEC212808970032629B /* swap.h */ = {isa = PBXFileReference; lastKnownFileType = sourcecode.c.h; path = swap.h; sourceTree = "<group>"; };
		14F58DED212808970032629B /* swap.c */ = {isa = PBXFileReference; lastKnownFileType = sourcecode.c.c; path = swap.c; sourceTree = "<group>"; };
		14F58DEF21280D360032629B /* selectionSort.h */ = {isa = PBXFileReference; lastKnownFileType = sourcecode.c.h; path = selectionSort.h; sourceTree = "<group>"; };
		14F58DF021280D360032629B /* selectionSort.c */ = {isa = PBXFileReference; lastKnownFileType = sourcecode.c.c; path = selectionSort.c; sourceTree = "<group>"; };
/* End PBXFileReference section */

/* Begin PBXFrameworksBuildPhase section */
		14CF936721228A6E00069493 /* Frameworks */ = {
			isa = PBXFrameworksBuildPhase;
			buildActionMask = 2147483647;
			files = (
			);
			runOnlyForDeploymentPostprocessing = 0;
		};
/* End PBXFrameworksBuildPhase section */

/* Begin PBXGroup section */
		140F7B262200961A00564041 /* Graph */ = {
			isa = PBXGroup;
			children = (
				140F7B272200964D00564041 /* MGraph.h */,
				140F7B282200964D00564041 /* MGraph.c */,
				140F7B2A2201507000564041 /* LGraph.h */,
				140F7B2B2201507000564041 /* LGraph.c */,
				14E3A7EC2201AB6000167974 /* graph.h */,
				14E3A7ED2201AB6000167974 /* graph.c */,
			);
			path = Graph;
			sourceTree = "<group>";
		};
		1426C4B821E38CC400D7E46A /* LinkList */ = {
			isa = PBXGroup;
			children = (
				1426C4B521E38CBE00D7E46A /* LinkList.h */,
				1426C4B621E38CBE00D7E46A /* LinkList.c */,
			);
			path = LinkList;
			sourceTree = "<group>";
		};
		1441102921A64B79006F7921 /* Sort */ = {
			isa = PBXGroup;
			children = (
				14787520212EA9630050C383 /* quickSort.c */,
				1478751F212EA9630050C383 /* quickSort.h */,
				14EC8E80212914CA007CDF9A /* insertionSort.h */,
				14EC8E81212914CA007CDF9A /* insertionSort.c */,
				14CF937421228EC300069493 /* bubbleSort.h */,
				14CF937521228EC300069493 /* bubbleSort.c */,
				14F58DEF21280D360032629B /* selectionSort.h */,
				14F58DF021280D360032629B /* selectionSort.c */,
				14D0271D212FACC2004F0EA0 /* shellSort.h */,
				14D0271E212FACC2004F0EA0 /* shellSort.c */,
				14F58DEC212808970032629B /* swap.h */,
				14F58DED212808970032629B /* swap.c */,
				14411026219FF0CD006F7921 /* mergeSort.h */,
				14411027219FF0CD006F7921 /* mergeSort.c */,
			);
			path = Sort;
			sourceTree = "<group>";
		};
		1441CA4921D3980D009EBBEA /* Search */ = {
			isa = PBXGroup;
			children = (
				1441CA4A21D3983E009EBBEA /* binarySearch.h */,
				1441CA4B21D3983E009EBBEA /* binarySearch.c */,
			);
			name = Search;
			path = AlgorithmPractice/Search;
			sourceTree = SOURCE_ROOT;
		};
		1441CA4D21D4B139009EBBEA /* Tree */ = {
			isa = PBXGroup;
			children = (
				1441CA4E21D4B148009EBBEA /* binaryTree.h */,
				1441CA4F21D4B148009EBBEA /* binaryTree.c */,
			);
			path = Tree;
			sourceTree = "<group>";
		};
		1441CA5121D4D157009EBBEA /* Queue */ = {
			isa = PBXGroup;
			children = (
				1441CA5221D4D161009EBBEA /* queue.h */,
				1441CA5321D4D161009EBBEA /* queue.c */,
			);
			path = Queue;
			sourceTree = "<group>";
		};
		1469A19021E6EB0900B2AC02 /* 剑指offer */ = {
			isa = PBXGroup;
			children = (
				1469A19421E6F22C00B2AC02 /* toOffer.h */,
				1469A19E21E7255E00B2AC02 /* topic3.h */,
				1469A19F21E7255E00B2AC02 /* topic3.c */,
				1469A1A121E7310B00B2AC02 /* topic4.h */,
				1469A1A221E7310B00B2AC02 /* topic4.c */,
				1469A19521E6F2B000B2AC02 /* topic5.h */,
				1469A19621E6F2B000B2AC02 /* topic5.c */,
				1469A19821E6F40F00B2AC02 /* topic6.h */,
				1469A19921E6F40F00B2AC02 /* topic6.c */,
				14BF49F1223BA80A00CB8A81 /* topic9.h */,
				14BF49F2223BA80A00CB8A81 /* topic9.c */,
				1469A1A421E769BC00B2AC02 /* topic10.h */,
				1469A1A521E769BC00B2AC02 /* topic10.c */,
				14459BC621EE09B900C87AD5 /* topic14.h */,
				14459BC721EE09B900C87AD5 /* topic14.c */,
				14459BC021EDAAC800C87AD5 /* topic15.h */,
				14459BC121EDAAC800C87AD5 /* topic15.c */,
				14459BC321EDC95200C87AD5 /* topic16.h */,
				14459BC421EDC95200C87AD5 /* topic16.c */,
				14459BBD21ED879900C87AD5 /* topic18.h */,
				14459BBE21ED879900C87AD5 /* topic18.c */,
				14E580CE221C316800385365 /* topic22.h */,
				14E580CF221C316800385365 /* topic22.c */,
				14EAF0D2221C371600920738 /* topic23.h */,
				14EAF0D3221C371600920738 /* topic23.c */,
				1469A19B21E71B7000B2AC02 /* topic24.h */,
				1469A19C21E71B7000B2AC02 /* topic24.c */,
				1469A1A721E7821600B2AC02 /* topic25.h */,
				1469A1A821E7821600B2AC02 /* topic25.c */,
				147B4BBC223C9237007BA041 /* topic26.h */,
				147B4BBD223C9237007BA041 /* topic26.c */,
				14079CE621F2E9E400606D55 /* topic27.h */,
				14079CE721F2E9E400606D55 /* topic27.c */,
				141B8F6E21F49CEA00140C20 /* topic28.h */,
				141B8F6F21F49CEA00140C20 /* topic28.c */,
				1401F6CC222650F8008A4B06 /* topic50.h */,
				1401F6CD222650F8008A4B06 /* topic50.c */,
				141660D32229270E004C597C /* topic52.h */,
				141660D42229270E004C597C /* topic52.c */,
				149739CF2226B28200037EBC /* topic58.h */,
				149739D02226B28200037EBC /* topic58.c */,
				1495C07B2236872800056B5C /* topic63.h */,
				1495C07C2236872800056B5C /* topic63.c */,
				14459BBA21ED7B3500C87AD5 /* topic65.h */,
				14459BBB21ED7B3500C87AD5 /* topic65.c */,
			);
			path = "剑指offer";
			sourceTree = "<group>";
		};
		148FC71B222D52A00047931F /* Interview */ = {
			isa = PBXGroup;
			children = (
				148FC71C222D52B70047931F /* Interview.h */,
				148FC71D222D52B70047931F /* Interview.c */,
			);
			path = Interview;
			sourceTree = "<group>";
		};
		149739CA2226A7DC00037EBC /* iOS */ = {
			isa = PBXGroup;
			children = (
				149739CB2226A7F000037EBC /* SharedInstance */,
			);
			path = iOS;
			sourceTree = "<group>";
		};
		149739CB2226A7F000037EBC /* SharedInstance */ = {
			isa = PBXGroup;
			children = (
				149739CC2226A81200037EBC /* TestObject.h */,
				149739CD2226A81200037EBC /* TestObject.m */,
			);
			path = SharedInstance;
			sourceTree = "<group>";
		};
		149D7B4C222E16FB00C3D48C /* Stack */ = {
			isa = PBXGroup;
			children = (
				149D7B4D222E170F00C3D48C /* stack.h */,
				149D7B4E222E170F00C3D48C /* stack.c */,
			);
			path = Stack;
			sourceTree = "<group>";
		};
		14CF936121228A6E00069493 = {
			isa = PBXGroup;
			children = (
				14CF936C21228A6E00069493 /* AlgorithmPractice */,
				14CF936B21228A6E00069493 /* Products */,
			);
			sourceTree = "<group>";
		};
		14CF936B21228A6E00069493 /* Products */ = {
			isa = PBXGroup;
			children = (
				14CF936A21228A6E00069493 /* AlgorithmPractice */,
			);
			name = Products;
			sourceTree = "<group>";
		};
		14CF936C21228A6E00069493 /* AlgorithmPractice */ = {
			isa = PBXGroup;
			children = (
				14DD96BA2243CEE90080FF18 /* LeetCode */,
				148FC71B222D52A00047931F /* Interview */,
				1469A19021E6EB0900B2AC02 /* 剑指offer */,
				1426C4B821E38CC400D7E46A /* LinkList */,
				1441CA5121D4D157009EBBEA /* Queue */,
				149D7B4C222E16FB00C3D48C /* Stack */,
				1441CA4D21D4B139009EBBEA /* Tree */,
				140F7B262200961A00564041 /* Graph */,
				1441CA4921D3980D009EBBEA /* Search */,
				1441102921A64B79006F7921 /* Sort */,
				149739CA2226A7DC00037EBC /* iOS */,
				14CF936D21228A6E00069493 /* main.c */,
			);
			path = AlgorithmPractice;
			sourceTree = "<group>";
		};
		14DD96BA2243CEE90080FF18 /* LeetCode */ = {
			isa = PBXGroup;
			children = (
				14DD96BE2243CF0A0080FF18 /* leetCode.h */,
				14DD96BF2243CF2A0080FF18 /* code62.h */,
				14DD96C02243CF2A0080FF18 /* code62.c */,
			);
			path = LeetCode;
			sourceTree = "<group>";
		};
/* End PBXGroup section */

/* Begin PBXNativeTarget section */
		14CF936921228A6E00069493 /* AlgorithmPractice */ = {
			isa = PBXNativeTarget;
			buildConfigurationList = 14CF937121228A6E00069493 /* Build configuration list for PBXNativeTarget "AlgorithmPractice" */;
			buildPhases = (
				14CF936621228A6E00069493 /* Sources */,
				14CF936721228A6E00069493 /* Frameworks */,
				14CF936821228A6E00069493 /* CopyFiles */,
			);
			buildRules = (
			);
			dependencies = (
			);
			name = AlgorithmPractice;
			productName = AlgorithmPractice;
			productReference = 14CF936A21228A6E00069493 /* AlgorithmPractice */;
			productType = "com.apple.product-type.tool";
		};
/* End PBXNativeTarget section */

/* Begin PBXProject section */
		14CF936221228A6E00069493 /* Project object */ = {
			isa = PBXProject;
			attributes = {
				LastUpgradeCheck = 0940;
				ORGANIZATIONNAME = shine;
				TargetAttributes = {
					14CF936921228A6E00069493 = {
						CreatedOnToolsVersion = 9.4;
					};
				};
			};
			buildConfigurationList = 14CF936521228A6E00069493 /* Build configuration list for PBXProject "AlgorithmPractice" */;
			compatibilityVersion = "Xcode 9.3";
			developmentRegion = en;
			hasScannedForEncodings = 0;
			knownRegions = (
				en,
			);
			mainGroup = 14CF936121228A6E00069493;
			productRefGroup = 14CF936B21228A6E00069493 /* Products */;
			projectDirPath = "";
			projectRoot = "";
			targets = (
				14CF936921228A6E00069493 /* AlgorithmPractice */,
			);
		};
/* End PBXProject section */

/* Begin PBXSourcesBuildPhase section */
		14CF936621228A6E00069493 /* Sources */ = {
			isa = PBXSourcesBuildPhase;
			buildActionMask = 2147483647;
			files = (
				1441CA5021D4B148009EBBEA /* binaryTree.c in Sources */,
				141B8F7021F49CEA00140C20 /* topic28.c in Sources */,
				140F7B292200964D00564041 /* MGraph.c in Sources */,
				14459BC221EDAAC800C87AD5 /* topic15.c in Sources */,
				149739CE2226A81200037EBC /* TestObject.m in Sources */,
				1426C4B721E38CBE00D7E46A /* LinkList.c in Sources */,
				141660D52229270E004C597C /* topic52.c in Sources */,
				1469A19A21E6F40F00B2AC02 /* topic6.c in Sources */,
				1469A1A921E7821600B2AC02 /* topic25.c in Sources */,
				14D0271F212FACC2004F0EA0 /* shellSort.c in Sources */,
				1441CA4C21D3983E009EBBEA /* binarySearch.c in Sources */,
				1441CA5421D4D161009EBBEA /* queue.c in Sources */,
				14EC8E82212914CA007CDF9A /* insertionSort.c in Sources */,
				14459BC521EDC95200C87AD5 /* topic16.c in Sources */,
				14F58DEE212808970032629B /* swap.c in Sources */,
				1469A1A621E769BC00B2AC02 /* topic10.c in Sources */,
				1469A19D21E71B7000B2AC02 /* topic24.c in Sources */,
				147B4BBE223C9237007BA041 /* topic26.c in Sources */,
				14BF49F3223BA80A00CB8A81 /* topic9.c in Sources */,
				1469A1A321E7310B00B2AC02 /* topic4.c in Sources */,
				14079CE821F2E9E400606D55 /* topic27.c in Sources */,
				14459BC821EE09B900C87AD5 /* topic14.c in Sources */,
				14CF936E21228A6E00069493 /* main.c in Sources */,
				140F7B2C2201507000564041 /* LGraph.c in Sources */,
				1495C07D2236872800056B5C /* topic63.c in Sources */,
				1469A19721E6F2B000B2AC02 /* topic5.c in Sources */,
				149739D12226B28200037EBC /* topic58.c in Sources */,
				14EAF0D4221C371600920738 /* topic23.c in Sources */,
				1469A1A021E7255E00B2AC02 /* topic3.c in Sources */,
				14411028219FF0CD006F7921 /* mergeSort.c in Sources */,
				14459BBC21ED7B3500C87AD5 /* topic65.c in Sources */,
				14E3A7EE2201AB6000167974 /* graph.c in Sources */,
				14F58DF121280D360032629B /* selectionSort.c in Sources */,
				14CF937621228EC300069493 /* bubbleSort.c in Sources */,
				14787521212EA9630050C383 /* quickSort.c in Sources */,
				149D7B4F222E170F00C3D48C /* stack.c in Sources */,
				14DD96C12243CF2A0080FF18 /* code62.c in Sources */,
				14459BBF21ED879900C87AD5 /* topic18.c in Sources */,
				148FC71E222D52B70047931F /* Interview.c in Sources */,
				1401F6CE222650F8008A4B06 /* topic50.c in Sources */,
				14E580D0221C316800385365 /* topic22.c in Sources */,
			);
			runOnlyForDeploymentPostprocessing = 0;
		};
/* End PBXSourcesBuildPhase section */

/* Begin XCBuildConfiguration section */
		14CF936F21228A6E00069493 /* Debug */ = {
			isa = XCBuildConfiguration;
			buildSettings = {
				ALWAYS_SEARCH_USER_PATHS = NO;
				CLANG_ANALYZER_NONNULL = YES;
				CLANG_ANALYZER_NUMBER_OBJECT_CONVERSION = YES_AGGRESSIVE;
				CLANG_CXX_LANGUAGE_STANDARD = "gnu++14";
				CLANG_CXX_LIBRARY = "libc++";
				CLANG_ENABLE_MODULES = YES;
				CLANG_ENABLE_OBJC_ARC = YES;
				CLANG_ENABLE_OBJC_WEAK = YES;
				CLANG_WARN_BLOCK_CAPTURE_AUTORELEASING = YES;
				CLANG_WARN_BOOL_CONVERSION = YES;
				CLANG_WARN_COMMA = YES;
				CLANG_WARN_CONSTANT_CONVERSION = YES;
				CLANG_WARN_DEPRECATED_OBJC_IMPLEMENTATIONS = YES;
				CLANG_WARN_DIRECT_OBJC_ISA_USAGE = YES_ERROR;
				CLANG_WARN_DOCUMENTATION_COMMENTS = YES;
				CLANG_WARN_EMPTY_BODY = YES;
				CLANG_WARN_ENUM_CONVERSION = YES;
				CLANG_WARN_INFINITE_RECURSION = YES;
				CLANG_WARN_INT_CONVERSION = YES;
				CLANG_WARN_NON_LITERAL_NULL_CONVERSION = YES;
				CLANG_WARN_OBJC_IMPLICIT_RETAIN_SELF = YES;
				CLANG_WARN_OBJC_LITERAL_CONVERSION = YES;
				CLANG_WARN_OBJC_ROOT_CLASS = YES_ERROR;
				CLANG_WARN_RANGE_LOOP_ANALYSIS = YES;
				CLANG_WARN_STRICT_PROTOTYPES = YES;
				CLANG_WARN_SUSPICIOUS_MOVE = YES;
				CLANG_WARN_UNGUARDED_AVAILABILITY = YES_AGGRESSIVE;
				CLANG_WARN_UNREACHABLE_CODE = YES;
				CLANG_WARN__DUPLICATE_METHOD_MATCH = YES;
				CODE_SIGN_IDENTITY = "Mac Developer";
				COPY_PHASE_STRIP = NO;
				DEBUG_INFORMATION_FORMAT = dwarf;
				ENABLE_STRICT_OBJC_MSGSEND = YES;
				ENABLE_TESTABILITY = YES;
				GCC_C_LANGUAGE_STANDARD = gnu11;
				GCC_DYNAMIC_NO_PIC = NO;
				GCC_NO_COMMON_BLOCKS = YES;
				GCC_OPTIMIZATION_LEVEL = 0;
				GCC_PREPROCESSOR_DEFINITIONS = (
					"DEBUG=1",
					"$(inherited)",
				);
				GCC_WARN_64_TO_32_BIT_CONVERSION = YES;
				GCC_WARN_ABOUT_RETURN_TYPE = YES_ERROR;
				GCC_WARN_UNDECLARED_SELECTOR = YES;
				GCC_WARN_UNINITIALIZED_AUTOS = YES_AGGRESSIVE;
				GCC_WARN_UNUSED_FUNCTION = YES;
				GCC_WARN_UNUSED_VARIABLE = YES;
				MACOSX_DEPLOYMENT_TARGET = 10.13;
				MTL_ENABLE_DEBUG_INFO = YES;
				ONLY_ACTIVE_ARCH = YES;
				SDKROOT = macosx;
			};
			name = Debug;
		};
		14CF937021228A6E00069493 /* Release */ = {
			isa = XCBuildConfiguration;
			buildSettings = {
				ALWAYS_SEARCH_USER_PATHS = NO;
				CLANG_ANALYZER_NONNULL = YES;
				CLANG_ANALYZER_NUMBER_OBJECT_CONVERSION = YES_AGGRESSIVE;
				CLANG_CXX_LANGUAGE_STANDARD = "gnu++14";
				CLANG_CXX_LIBRARY = "libc++";
				CLANG_ENABLE_MODULES = YES;
				CLANG_ENABLE_OBJC_ARC = YES;
				CLANG_ENABLE_OBJC_WEAK = YES;
				CLANG_WARN_BLOCK_CAPTURE_AUTORELEASING = YES;
				CLANG_WARN_BOOL_CONVERSION = YES;
				CLANG_WARN_COMMA = YES;
				CLANG_WARN_CONSTANT_CONVERSION = YES;
				CLANG_WARN_DEPRECATED_OBJC_IMPLEMENTATIONS = YES;
				CLANG_WARN_DIRECT_OBJC_ISA_USAGE = YES_ERROR;
				CLANG_WARN_DOCUMENTATION_COMMENTS = YES;
				CLANG_WARN_EMPTY_BODY = YES;
				CLANG_WARN_ENUM_CONVERSION = YES;
				CLANG_WARN_INFINITE_RECURSION = YES;
				CLANG_WARN_INT_CONVERSION = YES;
				CLANG_WARN_NON_LITERAL_NULL_CONVERSION = YES;
				CLANG_WARN_OBJC_IMPLICIT_RETAIN_SELF = YES;
				CLANG_WARN_OBJC_LITERAL_CONVERSION = YES;
				CLANG_WARN_OBJC_ROOT_CLASS = YES_ERROR;
				CLANG_WARN_RANGE_LOOP_ANALYSIS = YES;
				CLANG_WARN_STRICT_PROTOTYPES = YES;
				CLANG_WARN_SUSPICIOUS_MOVE = YES;
				CLANG_WARN_UNGUARDED_AVAILABILITY = YES_AGGRESSIVE;
				CLANG_WARN_UNREACHABLE_CODE = YES;
				CLANG_WARN__DUPLICATE_METHOD_MATCH = YES;
				CODE_SIGN_IDENTITY = "Mac Developer";
				COPY_PHASE_STRIP = NO;
				DEBUG_INFORMATION_FORMAT = "dwarf-with-dsym";
				ENABLE_NS_ASSERTIONS = NO;
				ENABLE_STRICT_OBJC_MSGSEND = YES;
				GCC_C_LANGUAGE_STANDARD = gnu11;
				GCC_NO_COMMON_BLOCKS = YES;
				GCC_WARN_64_TO_32_BIT_CONVERSION = YES;
				GCC_WARN_ABOUT_RETURN_TYPE = YES_ERROR;
				GCC_WARN_UNDECLARED_SELECTOR = YES;
				GCC_WARN_UNINITIALIZED_AUTOS = YES_AGGRESSIVE;
				GCC_WARN_UNUSED_FUNCTION = YES;
				GCC_WARN_UNUSED_VARIABLE = YES;
				MACOSX_DEPLOYMENT_TARGET = 10.13;
				MTL_ENABLE_DEBUG_INFO = NO;
				SDKROOT = macosx;
			};
			name = Release;
		};
		14CF937221228A6E00069493 /* Debug */ = {
			isa = XCBuildConfiguration;
			buildSettings = {
				CODE_SIGN_IDENTITY = "Mac Developer";
				CODE_SIGN_STYLE = Manual;
				DEVELOPMENT_TEAM = YSE3H6NFMJ;
				PRODUCT_NAME = "$(TARGET_NAME)";
				PROVISIONING_PROFILE_SPECIFIER = "";
			};
			name = Debug;
		};
		14CF937321228A6E00069493 /* Release */ = {
			isa = XCBuildConfiguration;
			buildSettings = {
				CODE_SIGN_IDENTITY = "Mac Developer";
				CODE_SIGN_STYLE = Manual;
				DEVELOPMENT_TEAM = "";
				PRODUCT_NAME = "$(TARGET_NAME)";
				PROVISIONING_PROFILE_SPECIFIER = "";
			};
			name = Release;
		};
/* End XCBuildConfiguration section */

/* Begin XCConfigurationList section */
		14CF936521228A6E00069493 /* Build configuration list for PBXProject "AlgorithmPractice" */ = {
			isa = XCConfigurationList;
			buildConfigurations = (
				14CF936F21228A6E00069493 /* Debug */,
				14CF937021228A6E00069493 /* Release */,
			);
			defaultConfigurationIsVisible = 0;
			defaultConfigurationName = Release;
		};
		14CF937121228A6E00069493 /* Build configuration list for PBXNativeTarget "AlgorithmPractice" */ = {
			isa = XCConfigurationList;
			buildConfigurations = (
				14CF937221228A6E00069493 /* Debug */,
				14CF937321228A6E00069493 /* Release */,
			);
			defaultConfigurationIsVisible = 0;
			defaultConfigurationName = Release;
		};
/* End XCConfigurationList section */
	};
	rootObject = 14CF936221228A6E00069493 /* Project object */;
}
